
Microsoft Visual Studio Solution File, Format Version 12.00
# Visual Studio Version 17
VisualStudioVersion = 17.7.34221.43
MinimumVisualStudioVersion = 10.0.40219.1
Project("{FAE04EC0-301F-11D3-BF4B-00C04F79EFBC}") = "Authorization", "Authorization\Authorization.csproj", "{D0C066F0-ACA7-439A-BBAE-428DF31F2F09}"
EndProject
Global
	GlobalSection(SolutionConfigurationPlatforms) = preSolution
		Debug|Any CPU = Debug|Any CPU
		Release|Any CPU = Release|Any CPU
	EndGlobalSection
	GlobalSection(ProjectConfigurationPlatforms) = postSolution
		{D0C066F0-ACA7-439A-BBAE-428DF31F2F09}.Debug|Any CPU.ActiveCfg = Debug|Any CPU
		{D0C066F0-ACA7-439A-BBAE-428DF31F2F09}.Debug|Any CPU.Build.0 = Debug|Any CPU
		{D0C066F0-ACA7-439A-BBAE-428DF31F2F09}.Release|Any CPU.ActiveCfg = Release|Any CPU
		{D0C066F0-ACA7-439A-BBAE-428DF31F2F09}.Release|Any CPU.Build.0 = Release|Any CPU
	EndGlobalSection
	GlobalSection(SolutionProperties) = preSolution
		HideSolutionNode = FALSE
	EndGlobalSection
	GlobalSection(ExtensibilityGlobals) = postSolution
		SolutionGuid = {123496E8-0916-4EEF-8202-B7B91F9826F5}
	EndGlobalSection
EndGlobal
